// !$*UTF8*$!
{
	archiveVersion = 1;
	classes = {
	};
	objectVersion = 50;
	objects = {

/* Begin PBXBuildFile section */
		CAB404EA21B91F8700DB4C15 /* AppDelegate.m in Sources */ = {isa = PBXBuildFile; fileRef = CAB404E921B91F8700DB4C15 /* AppDelegate.m */; };
		CAB404ED21B91F8700DB4C15 /* ViewController.m in Sources */ = {isa = PBXBuildFile; fileRef = CAB404EC21B91F8700DB4C15 /* ViewController.m */; };
		CAB404F021B91F8700DB4C15 /* Main.storyboard in Resources */ = {isa = PBXBuildFile; fileRef = CAB404EE21B91F8700DB4C15 /* Main.storyboard */; };
		CAB404F221B91F8800DB4C15 /* Assets.xcassets in Resources */ = {isa = PBXBuildFile; fileRef = CAB404F121B91F8800DB4C15 /* Assets.xcassets */; };
		CAB404F521B91F8800DB4C15 /* LaunchScreen.storyboard in Resources */ = {isa = PBXBuildFile; fileRef = CAB404F321B91F8800DB4C15 /* LaunchScreen.storyboard */; };
		CAB404F821B91F8800DB4C15 /* main.m in Sources */ = {isa = PBXBuildFile; fileRef = CAB404F721B91F8800DB4C15 /* main.m */; };
/* End PBXBuildFile section */

/* Begin PBXFileReference section */
		CAB404E521B91F8700DB4C15 /* WTAuthorization.app */ = {isa = PBXFileReference; explicitFileType = wrapper.application; includeInIndex = 0; path = WTAuthorization.app; sourceTree = BUILT_PRODUCTS_DIR; };
		CAB404E821B91F8700DB4C15 /* AppDelegate.h */ = {isa = PBXFileReference; lastKnownFileType = sourcecode.c.h; path = AppDelegate.h; sourceTree = "<group>"; };
		CAB404E921B91F8700DB4C15 /* AppDelegate.m */ = {isa = PBXFileReference; lastKnownFileType = sourcecode.c.objc; path = AppDelegate.m; sourceTree = "<group>"; };
		CAB404EB21B91F8700DB4C15 /* ViewController.h */ = {isa = PBXFileReference; lastKnownFileType = sourcecode.c.h; path = ViewController.h; sourceTree = "<group>"; };
		CAB404EC21B91F8700DB4C15 /* ViewController.m */ = {isa = PBXFileReference; lastKnownFileType = sourcecode.c.objc; path = ViewController.m; sourceTree = "<group>"; };
		CAB404EF21B91F8700DB4C15 /* Base */ = {isa = PBXFileReference; lastKnownFileType = file.storyboard; name = Base; path = Base.lproj/Main.storyboard; sourceTree = "<group>"; };
		CAB404F121B91F8800DB4C15 /* Assets.xcassets */ = {isa = PBXFileReference; lastKnownFileType = folder.assetcatalog; path = Assets.xcassets; sourceTree = "<group>"; };
		CAB404F421B91F8800DB4C15 /* Base */ = {isa = PBXFileReference; lastKnownFileType = file.storyboard; name = Base; path = Base.lproj/LaunchScreen.storyboard; sourceTree = "<group>"; };
		CAB404F621B91F8800DB4C15 /* Info.plist */ = {isa = PBXFileReference; lastKnownFileType = text.plist.xml; path = Info.plist; sourceTree = "<group>"; };
		CAB404F721B91F8800DB4C15 /* main.m */ = {isa = PBXFileReference; lastKnownFileType = sourcecode.c.objc; path = main.m; sourceTree = "<group>"; };
/* End PBXFileReference section */

/* Begin PBXFrameworksBuildPhase section */
		CAB404E221B91F8700DB4C15 /* Frameworks */ = {
			isa = PBXFrameworksBuildPhase;
			buildActionMask = 2147483647;
			files = (
			);
			runOnlyForDeploymentPostprocessing = 0;
		};
/* End PBXFrameworksBuildPhase section */

/* Begin PBXGroup section */
		CAB404DC21B91F8700DB4C15 = {
			isa = PBXGroup;
			children = (
				CAB404E721B91F8700DB4C15 /* WTAuthorization */,
				CAB404E621B91F8700DB4C15 /* Products */,
			);
			sourceTree = "<group>";
		};
		CAB404E621B91F8700DB4C15 /* Products */ = {
			isa = PBXGroup;
			children = (
				CAB404E521B91F8700DB4C15 /* WTAuthorization.app */,
			);
			name = Products;
			sourceTree = "<group>";
		};
		CAB404E721B91F8700DB4C15 /* WTAuthorization */ = {
			isa = PBXGroup;
			children = (
				CAB404E821B91F8700DB4C15 /* AppDelegate.h */,
				CAB404E921B91F8700DB4C15 /* AppDelegate.m */,
				CAB404EB21B91F8700DB4C15 /* ViewController.h */,
				CAB404EC21B91F8700DB4C15 /* ViewController.m */,
				CAB404EE21B91F8700DB4C15 /* Main.storyboard */,
				CAB404F121B91F8800DB4C15 /* Assets.xcassets */,
				CAB404F321B91F8800DB4C15 /* LaunchScreen.storyboard */,
				CAB404F621B91F8800DB4C15 /* Info.plist */,
				CAB404F721B91F8800DB4C15 /* main.m */,
			);
			path = WTAuthorization;
			sourceTree = "<group>";
		};
/* End PBXGroup section */

/* Begin PBXNativeTarget section */
		CAB404E421B91F8700DB4C15 /* WTAuthorization */ = {
			isa = PBXNativeTarget;
			buildConfigurationList = CAB404FB21B91F8800DB4C15 /* Build configuration list for PBXNativeTarget "WTAuthorization" */;
			buildPhases = (
				CAB404E121B91F8700DB4C15 /* Sources */,
				CAB404E221B91F8700DB4C15 /* Frameworks */,
				CAB404E321B91F8700DB4C15 /* Resources */,
			);
			buildRules = (
			);
			dependencies = (
			);
			name = WTAuthorization;
			productName = WTAuthorization;
			productReference = CAB404E521B91F8700DB4C15 /* WTAuthorization.app */;
			productType = "com.apple.product-type.application";
		};
/* End PBXNativeTarget section */

/* Begin PBXProject section */
		CAB404DD21B91F8700DB4C15 /* Project object */ = {
			isa = PBXProject;
			attributes = {
				LastUpgradeCheck = 1000;
				ORGANIZATIONNAME = Wynter;
				TargetAttributes = {
					CAB404E421B91F8700DB4C15 = {
						CreatedOnToolsVersion = 10.0;
					};
				};
			};
			buildConfigurationList = CAB404E021B91F8700DB4C15 /* Build configuration list for PBXProject "WTAuthorization" */;
			compatibilityVersion = "Xcode 9.3";
			developmentRegion = en;
			hasScannedForEncodings = 0;
			knownRegions = (
				en,
				Base,
			);
			mainGroup = CAB404DC21B91F8700DB4C15;
			productRefGroup = CAB404E621B91F8700DB4C15 /* Products */;
			projectDirPath = "";
			projectRoot = "";
			targets = (
				CAB404E421B91F8700DB4C15 /* WTAuthorization */,
			);
		};
/* End PBXProject section */

/* Begin PBXResourcesBuildPhase section */
		CAB404E321B91F8700DB4C15 /* Resources */ = {
			isa = PBXResourcesBuildPhase;
			buildActionMask = 2147483647;
			files = (
				CAB404F521B91F8800DB4C15 /* LaunchScreen.storyboard in Resources */,
				CAB404F221B91F8800DB4C15 /* Assets.xcassets in Resources */,
				CAB404F021B91F8700DB4C15 /* Main.storyboard in Resources */,
			);
			runOnlyForDeploymentPostprocessing = 0;
		};
/* End PBXResourcesBuildPhase section */

/* Begin PBXSourcesBuildPhase section */
		CAB404E121B91F8700DB4C15 /* Sources */ = {
			isa = PBXSourcesBuildPhase;
			buildActionMask = 2147483647;
			files = (
				CAB404ED21B91F8700DB4C15 /* ViewController.m in Sources */,
				CAB404F821B91F8800DB4C15 /* main.m in Sources */,
				CAB404EA21B91F8700DB4C15 /* AppDelegate.m in Sources */,
			);
			runOnlyForDeploymentPostprocessing = 0;
		};
/* End PBXSourcesBuildPhase section */

/* Begin PBXVariantGroup section */
		CAB404EE21B91F8700DB4C15 /* Main.storyboard */ = {
			isa = PBXVariantGroup;
			children = (
				CAB404EF21B91F8700DB4C15 /* Base */,
			);
			name = Main.storyboard;
			sourceTree = "<group>";
		};
		CAB404F321B91F8800DB4C15 /* LaunchScreen.storyboard */ = {
			isa = PBXVariantGroup;
			children = (
				CAB404F421B91F8800DB4C15 /* Base */,
			);
			name = LaunchScreen.storyboard;
			sourceTree = "<group>";
		};
/* End PBXVariantGroup section */

/* Begin XCBuildConfiguration section */
		CAB404F921B91F8800DB4C15 /* Debug */ = {
			isa = XCBuildConfiguration;
			buildSettings = {
				ALWAYS_SEARCH_USER_PATHS = NO;
				CLANG_ANALYZER_NONNULL = YES;
				CLANG_ANALYZER_NUMBER_OBJECT_CONVERSION = YES_AGGRESSIVE;
				CLANG_CXX_LANGUAGE_STANDARD = "gnu++14";
				CLANG_CXX_LIBRARY = "libc++";
				CLANG_ENABLE_MODULES = YES;
				CLANG_ENABLE_OBJC_ARC = YES;
				CLANG_ENABLE_OBJC_WEAK = YES;
				CLANG_WARN_BLOCK_CAPTURE_AUTORELEASING = YES;
				CLANG_WARN_BOOL_CONVERSION = YES;
				CLANG_WARN_COMMA = YES;
				CLANG_WARN_CONSTANT_CONVERSION = YES;
				CLANG_WARN_DEPRECATED_OBJC_IMPLEMENTATIONS = YES;
				CLANG_WARN_DIRECT_OBJC_ISA_USAGE = YES_ERROR;
				CLANG_WARN_DOCUMENTATION_COMMENTS = YES;
				CLANG_WARN_EMPTY_BODY = YES;
				CLANG_WARN_ENUM_CONVERSION = YES;
				CLANG_WARN_INFINITE_RECURSION = YES;
				CLANG_WARN_INT_CONVERSION = YES;
				CLANG_WARN_NON_LITERAL_NULL_CONVERSION = YES;
				CLANG_WARN_OBJC_IMPLICIT_RETAIN_SELF = YES;
				CLANG_WARN_OBJC_LITERAL_CONVERSION = YES;
				CLANG_WARN_OBJC_ROOT_CLASS = YES_ERROR;
				CLANG_WARN_RANGE_LOOP_ANALYSIS = YES;
				CLANG_WARN_STRICT_PROTOTYPES = YES;
				CLANG_WARN_SUSPICIOUS_MOVE = YES;
				CLANG_WARN_UNGUARDED_AVAILABILITY = YES_AGGRESSIVE;
				CLANG_WARN_UNREACHABLE_CODE = YES;
				CLANG_WARN__DUPLICATE_METHOD_MATCH = YES;
				CODE_SIGN_IDENTITY = "iPhone Developer";
				COPY_PHASE_STRIP = NO;
				DEBUG_INFORMATION_FORMAT = dwarf;
				ENABLE_STRICT_OBJC_MSGSEND = YES;
				ENABLE_TESTABILITY = YES;
				GCC_C_LANGUAGE_STANDARD = gnu11;
				GCC_DYNAMIC_NO_PIC = NO;
				GCC_NO_COMMON_BLOCKS = YES;
				GCC_OPTIMIZATION_LEVEL = 0;
				GCC_PREPROCESSOR_DEFINITIONS = (
					"DEBUG=1",
					"$(inherited)",
				);
				GCC_WARN_64_TO_32_BIT_CONVERSION = YES;
				GCC_WARN_ABOUT_RETURN_TYPE = YES_ERROR;
				GCC_WARN_UNDECLARED_SELECTOR = YES;
				GCC_WARN_UNINITIALIZED_AUTOS = YES_AGGRESSIVE;
				GCC_WARN_UNUSED_FUNCTION = YES;
				GCC_WARN_UNUSED_VARIABLE = YES;
				IPHONEOS_DEPLOYMENT_TARGET = 12.0;
				MTL_ENABLE_DEBUG_INFO = INCLUDE_SOURCE;
				MTL_FAST_MATH = YES;
				ONLY_ACTIVE_ARCH = YES;
				SDKROOT = iphoneos;
			};
			name = Debug;
		};
		CAB404FA21B91F8800DB4C15 /* Release */ = {
			isa = XCBuildConfiguration;
			buildSettings = {
				ALWAYS_SEARCH_USER_PATHS = NO;
				CLANG_ANALYZER_NONNULL = YES;
				CLANG_ANALYZER_NUMBER_OBJECT_CONVERSION = YES_AGGRESSIVE;
				CLANG_CXX_LANGUAGE_STANDARD = "gnu++14";
				CLANG_CXX_LIBRARY = "libc++";
				CLANG_ENABLE_MODULES = YES;
				CLANG_ENABLE_OBJC_ARC = YES;
				CLANG_ENABLE_OBJC_WEAK = YES;
				CLANG_WARN_BLOCK_CAPTURE_AUTORELEASING = YES;
				CLANG_WARN_BOOL_CONVERSION = YES;
				CLANG_WARN_COMMA = YES;
				CLANG_WARN_CONSTANT_CONVERSION = YES;
				CLANG_WARN_DEPRECATED_OBJC_IMPLEMENTATIONS = YES;
				CLANG_WARN_DIRECT_OBJC_ISA_USAGE = YES_ERROR;
				CLANG_WARN_DOCUMENTATION_COMMENTS = YES;
				CLANG_WARN_EMPTY_BODY = YES;
				CLANG_WARN_ENUM_CONVERSION = YES;
				CLANG_WARN_INFINITE_RECURSION = YES;
				CLANG_WARN_INT_CONVERSION = YES;
				CLANG_WARN_NON_LITERAL_NULL_CONVERSION = YES;
				CLANG_WARN_OBJC_IMPLICIT_RETAIN_SELF = YES;
				CLANG_WARN_OBJC_LITERAL_CONVERSION = YES;
				CLANG_WARN_OBJC_ROOT_CLASS = YES_ERROR;
				CLANG_WARN_RANGE_LOOP_ANALYSIS = YES;
				CLANG_WARN_STRICT_PROTOTYPES = YES;
				CLANG_WARN_SUSPICIOUS_MOVE = YES;
				CLANG_WARN_UNGUARDED_AVAILABILITY = YES_AGGRESSIVE;
				CLANG_WARN_UNREACHABLE_CODE = YES;
				CLANG_WARN__DUPLICATE_METHOD_MATCH = YES;
				CODE_SIGN_IDENTITY = "iPhone Developer";
				COPY_PHASE_STRIP = NO;
				DEBUG_INFORMATION_FORMAT = "dwarf-with-dsym";
				ENABLE_NS_ASSERTIONS = NO;
				ENABLE_STRICT_OBJC_MSGSEND = YES;
				GCC_C_LANGUAGE_STANDARD = gnu11;
				GCC_NO_COMMON_BLOCKS = YES;
				GCC_WARN_64_TO_32_BIT_CONVERSION = YES;
				GCC_WARN_ABOUT_RETURN_TYPE = YES_ERROR;
				GCC_WARN_UNDECLARED_SELECTOR = YES;
				GCC_WARN_UNINITIALIZED_AUTOS = YES_AGGRESSIVE;
				GCC_WARN_UNUSED_FUNCTION = YES;
				GCC_WARN_UNUSED_VARIABLE = YES;
				IPHONEOS_DEPLOYMENT_TARGET = 12.0;
				MTL_ENABLE_DEBUG_INFO = NO;
				MTL_FAST_MATH = YES;
				SDKROOT = iphoneos;
				VALIDATE_PRODUCT = YES;
			};
			name = Release;
		};
		CAB404FC21B91F8800DB4C15 /* Debug */ = {
			isa = XCBuildConfiguration;
			buildSettings = {
				ASSETCATALOG_COMPILER_APPICON_NAME = AppIcon;
				CODE_SIGN_STYLE = Automatic;
				DEVELOPMENT_TEAM = 7P64MZ97H2;
				INFOPLIST_FILE = WTAuthorization/Info.plist;
				LD_RUNPATH_SEARCH_PATHS = (
					"$(inherited)",
					"@executable_path/Frameworks",
				);
				PRODUCT_BUNDLE_IDENTIFIER = Wynter.WTAuthorization;
				PRODUCT_NAME = "$(TARGET_NAME)";
				TARGETED_DEVICE_FAMILY = "1,2";
			};
			name = Debug;
		};
		CAB404FD21B91F8800DB4C15 /* Release */ = {
			isa = XCBuildConfiguration;
			buildSettings = {
				ASSETCATALOG_COMPILER_APPICON_NAME = AppIcon;
				CODE_SIGN_STYLE = Automatic;
				DEVELOPMENT_TEAM = 7P64MZ97H2;
				INFOPLIST_FILE = WTAuthorization/Info.plist;
				LD_RUNPATH_SEARCH_PATHS = (
					"$(inherited)",
					"@executable_path/Frameworks",
				);
				PRODUCT_BUNDLE_IDENTIFIER = Wynter.WTAuthorization;
				PRODUCT_NAME = "$(TARGET_NAME)";
				TARGETED_DEVICE_FAMILY = "1,2";
			};
			name = Release;
		};
/* End XCBuildConfiguration section */

/* Begin XCConfigurationList section */
		CAB404E021B91F8700DB4C15 /* Build configuration list for PBXProject "WTAuthorization" */ = {
			isa = XCConfigurationList;
			buildConfigurations = (
				CAB404F921B91F8800DB4C15 /* Debug */,
				CAB404FA21B91F8800DB4C15 /* Release */,
			);
			defaultConfigurationIsVisible = 0;
			defaultConfigurationName = Release;
		};
		CAB404FB21B91F8800DB4C15 /* Build configuration list for PBXNativeTarget "WTAuthorization" */ = {
			isa = XCConfigurationList;
			buildConfigurations = (
				CAB404FC21B91F8800DB4C15 /* Debug */,
				CAB404FD21B91F8800DB4C15 /* Release */,
			);
			defaultConfigurationIsVisible = 0;
			defaultConfigurationName = Release;
		};
/* End XCConfigurationList section */
	};
	rootObject = CAB404DD21B91F8700DB4C15 /* Project object */;
}
